PODS:
  - umbrella_ios (0.0.3)

DEPENDENCIES:
  - umbrella_ios (from `../common/umbrella-ios`)

EXTERNAL SOURCES:
  umbrella_ios:
    :path: "../common/umbrella-ios"

SPEC CHECKSUMS:
  umbrella_ios: 6bb2762c3700fc9eec103e6e15ecd5ab2dfaca8d

PODFILE CHECKSUM: 4dc55551e18d10ef6f379f8c06e54c385bd651c6

COCOAPODS: 1.13.0
